{
    "php": {
        "version": "7.3"
    },
    "symfony/browser-kit": {
        "version": "v5.0.4"
    },
    "symfony/css-selector": {
        "version": "v5.0.4"
    },
    "symfony/dom-crawler": {
        "version": "v5.0.4"
    },
    "symfony/phpunit-bridge": {
        "version": "4.3",
        "recipe": {
            "repo": "github.com/symfony/recipes",
            "branch": "master",
            "version": "4.3",
            "ref": "3f8a8c93cd47061999316f8d56edd6c2abca9308"
        },
        "files": [
            "./.env.test",
            "./bin/phpunit",
            "./config/services_test.yaml",
            "./phpunit.xml.dist",
            "./tests/bootstrap.php"
        ]
    },
    "symfony/test-pack": {
        "version": "v1.0.6"
    }
}
